
Microsoft Visual Studio Solution File, Format Version 12.00
# Visual Studio Version 16
VisualStudioVersion = 16.0.29613.14
MinimumVisualStudioVersion = 10.0.40219.1
Project("{9A19103F-16F7-4668-BE54-9A1E7A4F7556}") = "CityGuide-WebApi", "CityGuide-WebApi\CityGuide-WebApi.csproj", "{D9A69156-CE52-44C4-AE19-3276E9DFDAF9}"
EndProject
Project("{FAE04EC0-301F-11D3-BF4B-00C04F79EFBC}") = "Tests", "Tests\Tests.csproj", "{31AC513E-9F16-497D-852F-B6F128B13BE4}"
EndProject
Project("{FAE04EC0-301F-11D3-BF4B-00C04F79EFBC}") = "CityGuideUI", "CityGuideUI\CityGuideUI.csproj", "{47303724-FA4E-4457-89A0-329E276BF9DD}"
EndProject
Global
	GlobalSection(SolutionConfigurationPlatforms) = preSolution
		Debug|Any CPU = Debug|Any CPU
		Release|Any CPU = Release|Any CPU
	EndGlobalSection
	GlobalSection(ProjectConfigurationPlatforms) = postSolution
		{D9A69156-CE52-44C4-AE19-3276E9DFDAF9}.Debug|Any CPU.ActiveCfg = Debug|Any CPU
		{D9A69156-CE52-44C4-AE19-3276E9DFDAF9}.Debug|Any CPU.Build.0 = Debug|Any CPU
		{D9A69156-CE52-44C4-AE19-3276E9DFDAF9}.Release|Any CPU.ActiveCfg = Release|Any CPU
		{D9A69156-CE52-44C4-AE19-3276E9DFDAF9}.Release|Any CPU.Build.0 = Release|Any CPU
		{31AC513E-9F16-497D-852F-B6F128B13BE4}.Debug|Any CPU.ActiveCfg = Debug|Any CPU
		{31AC513E-9F16-497D-852F-B6F128B13BE4}.Debug|Any CPU.Build.0 = Debug|Any CPU
		{31AC513E-9F16-497D-852F-B6F128B13BE4}.Release|Any CPU.ActiveCfg = Release|Any CPU
		{31AC513E-9F16-497D-852F-B6F128B13BE4}.Release|Any CPU.Build.0 = Release|Any CPU
		{47303724-FA4E-4457-89A0-329E276BF9DD}.Debug|Any CPU.ActiveCfg = Debug|Any CPU
		{47303724-FA4E-4457-89A0-329E276BF9DD}.Debug|Any CPU.Build.0 = Debug|Any CPU
		{47303724-FA4E-4457-89A0-329E276BF9DD}.Release|Any CPU.ActiveCfg = Release|Any CPU
		{47303724-FA4E-4457-89A0-329E276BF9DD}.Release|Any CPU.Build.0 = Release|Any CPU
	EndGlobalSection
	GlobalSection(SolutionProperties) = preSolution
		HideSolutionNode = FALSE
	EndGlobalSection
	GlobalSection(ExtensibilityGlobals) = postSolution
		SolutionGuid = {F9CA7C64-485C-4829-BDCA-A97D953395BB}
	EndGlobalSection
EndGlobal
